
Microsoft Visual Studio Solution File, Format Version 12.00
# Visual Studio 2012
Project("{FAE04EC0-301F-11D3-BF4B-00C04F79EFBC}") = "OneCoin.Service.Api", "Api\Lpn.Service.Api\OneCoin.Service.Api.csproj", "{BEECEEF5-88FA-4451-A90A-2159C083C654}"
EndProject
Project("{2150E333-8FDC-42A3-9474-1A3956D46DE8}") = "Api", "Api", "{8252B0E4-021F-4973-9B54-A7CF916C9139}"
EndProject
Project("{2150E333-8FDC-42A3-9474-1A3956D46DE8}") = "Bll", "Bll", "{EB78A7F8-E66C-4D94-A9EA-51F649B5D720}"
EndProject
Project("{2150E333-8FDC-42A3-9474-1A3956D46DE8}") = "Dal", "Dal", "{122794B4-0EFE-41FB-924A-9AEC282AA1E1}"
EndProject
Project("{2150E333-8FDC-42A3-9474-1A3956D46DE8}") = "Model", "Model", "{895EEDB5-94C2-431E-9746-9E6F3D4F7DF7}"
EndProject
Project("{2150E333-8FDC-42A3-9474-1A3956D46DE8}") = "Test", "Test", "{F6385CA4-0539-499A-BEAD-6C531836822D}"
EndProject
Project("{2150E333-8FDC-42A3-9474-1A3956D46DE8}") = "Helper", "Helper", "{0E40C64C-6D11-43B5-B9B2-FFFD0531C3B3}"
EndProject
Project("{FAE04EC0-301F-11D3-BF4B-00C04F79EFBC}") = "OneCoin.Service.Model", "Model\Lpn.Service.Model\OneCoin.Service.Model.csproj", "{AF1A7257-4213-4B3B-8C43-C4B45FF9D76B}"
EndProject
Project("{FAE04EC0-301F-11D3-BF4B-00C04F79EFBC}") = "OneCoin.Service.UTester", "Test\Lpn.Service.UTester\OneCoin.Service.UTester.csproj", "{FA26F143-405B-4128-987A-BCFC71419108}"
EndProject
Project("{FAE04EC0-301F-11D3-BF4B-00C04F79EFBC}") = "OneCoin.Service.Dal", "Dal\Lpn.Service.Dal\OneCoin.Service.Dal.csproj", "{A91F9293-212D-4341-AE4E-EDA3ED98F505}"
EndProject
Project("{FAE04EC0-301F-11D3-BF4B-00C04F79EFBC}") = "OneCoin.Service.Bll", "Bll\Lpn.Service.Bll\OneCoin.Service.Bll.csproj", "{9191E981-F2E4-44D3-9F4F-7432E3A1F313}"
EndProject
Project("{2150E333-8FDC-42A3-9474-1A3956D46DE8}") = "Dependece", "Dependece", "{7068464B-F2C1-4E18-BE74-B88C3C2F381D}"
	ProjectSection(SolutionItems) = preProject
		..\depedence\log4net.dll = ..\depedence\log4net.dll
		..\depedence\MySql.Data.dll = ..\depedence\MySql.Data.dll
		..\depedence\Newtonsoft.Json.dll = ..\depedence\Newtonsoft.Json.dll
		..\depedence\ServiceStack.Common.dll = ..\depedence\ServiceStack.Common.dll
		..\depedence\ServiceStack.Interfaces.dll = ..\depedence\ServiceStack.Interfaces.dll
		..\depedence\ServiceStack.Redis.dll = ..\depedence\ServiceStack.Redis.dll
		..\depedence\ServiceStack.Text.dll = ..\depedence\ServiceStack.Text.dll
	EndProjectSection
EndProject
Project("{FAE04EC0-301F-11D3-BF4B-00C04F79EFBC}") = "OneCoin.Service.Helper", "Helper\Lpn.Service.Helper\OneCoin.Service.Helper.csproj", "{CAB0C586-476E-4E9F-A185-1DC7DFCD2BB7}"
EndProject
Project("{FAE04EC0-301F-11D3-BF4B-00C04F79EFBC}") = "OneCoin..Service.Cache", "Bll\Lpn.Service.Cache\OneCoin..Service.Cache.csproj", "{30DDE1C2-6799-42D9-A1F9-BFBF16F99A3E}"
EndProject
Project("{FAE04EC0-301F-11D3-BF4B-00C04F79EFBC}") = "OneCoin.Service.PostTest", "Test\Lpn.Service.PostTest\Lpn.Service.PostTest\OneCoin.Service.PostTest.csproj", "{B7383731-7253-494C-ADF5-E0D773BB5D2B}"
EndProject
Project("{FAE04EC0-301F-11D3-BF4B-00C04F79EFBC}") = "OneCoin.Payment", "Bll\Lpn.Payment\OneCoin.Payment.csproj", "{41E539AF-12BB-42FC-951E-AA3571369D54}"
EndProject
Project("{FAE04EC0-301F-11D3-BF4B-00C04F79EFBC}") = "OneCoin.Sms", "Bll\Lpn.Sms\OneCoin.Sms.csproj", "{A6346A8D-3123-4C22-B28D-51057B29270A}"
EndProject
Project("{FAE04EC0-301F-11D3-BF4B-00C04F79EFBC}") = "QiNiuTool", "Helper\QiNiuTool\QiNiuTool.csproj", "{32F2DA43-3197-41F0-ACD2-3095E9D369ED}"
EndProject
Project("{FAE04EC0-301F-11D3-BF4B-00C04F79EFBC}") = "OneCoin.Service.ConstHost", "Test\Lpn.Service.ConstHost\Lpn.Service.ConstHost\OneCoin.Service.ConstHost.csproj", "{3A0D16BF-9E33-4A0E-8D00-2436BB95F5F7}"
EndProject
Project("{2150E333-8FDC-42A3-9474-1A3956D46DE8}") = "Host", "Host", "{51CD78DF-4584-42A5-BDAA-3D50346BE71A}"
EndProject
Project("{FAE04EC0-301F-11D3-BF4B-00C04F79EFBC}") = "OneCoin.Service.Task.Host", "Host\Lpn.Service.Task.Host\OneCoin.Service.Task.Host.csproj", "{E6E92E13-C229-4DDC-B059-00B0E7823EE7}"
EndProject
Project("{FAE04EC0-301F-11D3-BF4B-00C04F79EFBC}") = "PfxTool", "PfxTool\PfxTool.csproj", "{406A4C74-E2EA-4571-8B41-D3106BDB047A}"
EndProject
Project("{FAE04EC0-301F-11D3-BF4B-00C04F79EFBC}") = "OneCoin.Service.Payment.WebTest", "Test\Lpn.Service.Payment.WebTest\OneCoin.Service.Payment.WebTest.csproj", "{4D2CA6B1-97B0-45CB-8E62-4027B6AA77BE}"
EndProject
Project("{FAE04EC0-301F-11D3-BF4B-00C04F79EFBC}") = "StockTool", "Helper\StockTool\StockTool\StockTool.csproj", "{3B38A275-3B44-4F47-907C-0D5C5A538BFD}"
EndProject
Global
	GlobalSection(SubversionScc) = preSolution
		Svn-Managed = True
		Manager = AnkhSVN - Subversion Support for Visual Studio
	EndGlobalSection
	GlobalSection(SolutionConfigurationPlatforms) = preSolution
		Debug|Any CPU = Debug|Any CPU
		Pre_Online|Any CPU = Pre_Online|Any CPU
		Release|Any CPU = Release|Any CPU
		Test|Any CPU = Test|Any CPU
	EndGlobalSection
	GlobalSection(ProjectConfigurationPlatforms) = postSolution
		{BEECEEF5-88FA-4451-A90A-2159C083C654}.Debug|Any CPU.ActiveCfg = Debug|Any CPU
		{BEECEEF5-88FA-4451-A90A-2159C083C654}.Debug|Any CPU.Build.0 = Debug|Any CPU
		{BEECEEF5-88FA-4451-A90A-2159C083C654}.Pre_Online|Any CPU.ActiveCfg = Release|Any CPU
		{BEECEEF5-88FA-4451-A90A-2159C083C654}.Pre_Online|Any CPU.Build.0 = Release|Any CPU
		{BEECEEF5-88FA-4451-A90A-2159C083C654}.Release|Any CPU.ActiveCfg = Release|Any CPU
		{BEECEEF5-88FA-4451-A90A-2159C083C654}.Release|Any CPU.Build.0 = Release|Any CPU
		{BEECEEF5-88FA-4451-A90A-2159C083C654}.Test|Any CPU.ActiveCfg = Release|Any CPU
		{BEECEEF5-88FA-4451-A90A-2159C083C654}.Test|Any CPU.Build.0 = Release|Any CPU
		{AF1A7257-4213-4B3B-8C43-C4B45FF9D76B}.Debug|Any CPU.ActiveCfg = Debug|Any CPU
		{AF1A7257-4213-4B3B-8C43-C4B45FF9D76B}.Debug|Any CPU.Build.0 = Debug|Any CPU
		{AF1A7257-4213-4B3B-8C43-C4B45FF9D76B}.Pre_Online|Any CPU.ActiveCfg = Release|Any CPU
		{AF1A7257-4213-4B3B-8C43-C4B45FF9D76B}.Pre_Online|Any CPU.Build.0 = Release|Any CPU
		{AF1A7257-4213-4B3B-8C43-C4B45FF9D76B}.Release|Any CPU.ActiveCfg = Release|Any CPU
		{AF1A7257-4213-4B3B-8C43-C4B45FF9D76B}.Release|Any CPU.Build.0 = Release|Any CPU
		{AF1A7257-4213-4B3B-8C43-C4B45FF9D76B}.Test|Any CPU.ActiveCfg = Release|Any CPU
		{AF1A7257-4213-4B3B-8C43-C4B45FF9D76B}.Test|Any CPU.Build.0 = Release|Any CPU
		{FA26F143-405B-4128-987A-BCFC71419108}.Debug|Any CPU.ActiveCfg = Debug|Any CPU
		{FA26F143-405B-4128-987A-BCFC71419108}.Debug|Any CPU.Build.0 = Debug|Any CPU
		{FA26F143-405B-4128-987A-BCFC71419108}.Pre_Online|Any CPU.ActiveCfg = Release|Any CPU
		{FA26F143-405B-4128-987A-BCFC71419108}.Pre_Online|Any CPU.Build.0 = Release|Any CPU
		{FA26F143-405B-4128-987A-BCFC71419108}.Release|Any CPU.ActiveCfg = Release|Any CPU
		{FA26F143-405B-4128-987A-BCFC71419108}.Release|Any CPU.Build.0 = Release|Any CPU
		{FA26F143-405B-4128-987A-BCFC71419108}.Test|Any CPU.ActiveCfg = Release|Any CPU
		{FA26F143-405B-4128-987A-BCFC71419108}.Test|Any CPU.Build.0 = Release|Any CPU
		{A91F9293-212D-4341-AE4E-EDA3ED98F505}.Debug|Any CPU.ActiveCfg = Debug|Any CPU
		{A91F9293-212D-4341-AE4E-EDA3ED98F505}.Debug|Any CPU.Build.0 = Debug|Any CPU
		{A91F9293-212D-4341-AE4E-EDA3ED98F505}.Pre_Online|Any CPU.ActiveCfg = Release|Any CPU
		{A91F9293-212D-4341-AE4E-EDA3ED98F505}.Pre_Online|Any CPU.Build.0 = Release|Any CPU
		{A91F9293-212D-4341-AE4E-EDA3ED98F505}.Release|Any CPU.ActiveCfg = Release|Any CPU
		{A91F9293-212D-4341-AE4E-EDA3ED98F505}.Release|Any CPU.Build.0 = Release|Any CPU
		{A91F9293-212D-4341-AE4E-EDA3ED98F505}.Test|Any CPU.ActiveCfg = Release|Any CPU
		{A91F9293-212D-4341-AE4E-EDA3ED98F505}.Test|Any CPU.Build.0 = Release|Any CPU
		{9191E981-F2E4-44D3-9F4F-7432E3A1F313}.Debug|Any CPU.ActiveCfg = Debug|Any CPU
		{9191E981-F2E4-44D3-9F4F-7432E3A1F313}.Debug|Any CPU.Build.0 = Debug|Any CPU
		{9191E981-F2E4-44D3-9F4F-7432E3A1F313}.Pre_Online|Any CPU.ActiveCfg = Release|Any CPU
		{9191E981-F2E4-44D3-9F4F-7432E3A1F313}.Pre_Online|Any CPU.Build.0 = Release|Any CPU
		{9191E981-F2E4-44D3-9F4F-7432E3A1F313}.Release|Any CPU.ActiveCfg = Release|Any CPU
		{9191E981-F2E4-44D3-9F4F-7432E3A1F313}.Release|Any CPU.Build.0 = Release|Any CPU
		{9191E981-F2E4-44D3-9F4F-7432E3A1F313}.Test|Any CPU.ActiveCfg = Release|Any CPU
		{9191E981-F2E4-44D3-9F4F-7432E3A1F313}.Test|Any CPU.Build.0 = Release|Any CPU
		{CAB0C586-476E-4E9F-A185-1DC7DFCD2BB7}.Debug|Any CPU.ActiveCfg = Debug|Any CPU
		{CAB0C586-476E-4E9F-A185-1DC7DFCD2BB7}.Debug|Any CPU.Build.0 = Debug|Any CPU
		{CAB0C586-476E-4E9F-A185-1DC7DFCD2BB7}.Pre_Online|Any CPU.ActiveCfg = Release|Any CPU
		{CAB0C586-476E-4E9F-A185-1DC7DFCD2BB7}.Pre_Online|Any CPU.Build.0 = Release|Any CPU
		{CAB0C586-476E-4E9F-A185-1DC7DFCD2BB7}.Release|Any CPU.ActiveCfg = Release|Any CPU
		{CAB0C586-476E-4E9F-A185-1DC7DFCD2BB7}.Release|Any CPU.Build.0 = Release|Any CPU
		{CAB0C586-476E-4E9F-A185-1DC7DFCD2BB7}.Test|Any CPU.ActiveCfg = Release|Any CPU
		{CAB0C586-476E-4E9F-A185-1DC7DFCD2BB7}.Test|Any CPU.Build.0 = Release|Any CPU
		{30DDE1C2-6799-42D9-A1F9-BFBF16F99A3E}.Debug|Any CPU.ActiveCfg = Debug|Any CPU
		{30DDE1C2-6799-42D9-A1F9-BFBF16F99A3E}.Debug|Any CPU.Build.0 = Debug|Any CPU
		{30DDE1C2-6799-42D9-A1F9-BFBF16F99A3E}.Pre_Online|Any CPU.ActiveCfg = Release|Any CPU
		{30DDE1C2-6799-42D9-A1F9-BFBF16F99A3E}.Pre_Online|Any CPU.Build.0 = Release|Any CPU
		{30DDE1C2-6799-42D9-A1F9-BFBF16F99A3E}.Release|Any CPU.ActiveCfg = Release|Any CPU
		{30DDE1C2-6799-42D9-A1F9-BFBF16F99A3E}.Release|Any CPU.Build.0 = Release|Any CPU
		{30DDE1C2-6799-42D9-A1F9-BFBF16F99A3E}.Test|Any CPU.ActiveCfg = Release|Any CPU
		{30DDE1C2-6799-42D9-A1F9-BFBF16F99A3E}.Test|Any CPU.Build.0 = Release|Any CPU
		{B7383731-7253-494C-ADF5-E0D773BB5D2B}.Debug|Any CPU.ActiveCfg = Debug|Any CPU
		{B7383731-7253-494C-ADF5-E0D773BB5D2B}.Debug|Any CPU.Build.0 = Debug|Any CPU
		{B7383731-7253-494C-ADF5-E0D773BB5D2B}.Pre_Online|Any CPU.ActiveCfg = Release|Any CPU
		{B7383731-7253-494C-ADF5-E0D773BB5D2B}.Pre_Online|Any CPU.Build.0 = Release|Any CPU
		{B7383731-7253-494C-ADF5-E0D773BB5D2B}.Release|Any CPU.ActiveCfg = Release|Any CPU
		{B7383731-7253-494C-ADF5-E0D773BB5D2B}.Release|Any CPU.Build.0 = Release|Any CPU
		{B7383731-7253-494C-ADF5-E0D773BB5D2B}.Test|Any CPU.ActiveCfg = Release|Any CPU
		{B7383731-7253-494C-ADF5-E0D773BB5D2B}.Test|Any CPU.Build.0 = Release|Any CPU
		{41E539AF-12BB-42FC-951E-AA3571369D54}.Debug|Any CPU.ActiveCfg = Debug|Any CPU
		{41E539AF-12BB-42FC-951E-AA3571369D54}.Debug|Any CPU.Build.0 = Debug|Any CPU
		{41E539AF-12BB-42FC-951E-AA3571369D54}.Pre_Online|Any CPU.ActiveCfg = Release|Any CPU
		{41E539AF-12BB-42FC-951E-AA3571369D54}.Pre_Online|Any CPU.Build.0 = Release|Any CPU
		{41E539AF-12BB-42FC-951E-AA3571369D54}.Release|Any CPU.ActiveCfg = Release|Any CPU
		{41E539AF-12BB-42FC-951E-AA3571369D54}.Release|Any CPU.Build.0 = Release|Any CPU
		{41E539AF-12BB-42FC-951E-AA3571369D54}.Test|Any CPU.ActiveCfg = Release|Any CPU
		{41E539AF-12BB-42FC-951E-AA3571369D54}.Test|Any CPU.Build.0 = Release|Any CPU
		{A6346A8D-3123-4C22-B28D-51057B29270A}.Debug|Any CPU.ActiveCfg = Debug|Any CPU
		{A6346A8D-3123-4C22-B28D-51057B29270A}.Debug|Any CPU.Build.0 = Debug|Any CPU
		{A6346A8D-3123-4C22-B28D-51057B29270A}.Pre_Online|Any CPU.ActiveCfg = Release|Any CPU
		{A6346A8D-3123-4C22-B28D-51057B29270A}.Pre_Online|Any CPU.Build.0 = Release|Any CPU
		{A6346A8D-3123-4C22-B28D-51057B29270A}.Release|Any CPU.ActiveCfg = Release|Any CPU
		{A6346A8D-3123-4C22-B28D-51057B29270A}.Release|Any CPU.Build.0 = Release|Any CPU
		{A6346A8D-3123-4C22-B28D-51057B29270A}.Test|Any CPU.ActiveCfg = Release|Any CPU
		{A6346A8D-3123-4C22-B28D-51057B29270A}.Test|Any CPU.Build.0 = Release|Any CPU
		{32F2DA43-3197-41F0-ACD2-3095E9D369ED}.Debug|Any CPU.ActiveCfg = Debug|Any CPU
		{32F2DA43-3197-41F0-ACD2-3095E9D369ED}.Debug|Any CPU.Build.0 = Debug|Any CPU
		{32F2DA43-3197-41F0-ACD2-3095E9D369ED}.Pre_Online|Any CPU.ActiveCfg = Pre_Online|Any CPU
		{32F2DA43-3197-41F0-ACD2-3095E9D369ED}.Pre_Online|Any CPU.Build.0 = Pre_Online|Any CPU
		{32F2DA43-3197-41F0-ACD2-3095E9D369ED}.Release|Any CPU.ActiveCfg = Release|Any CPU
		{32F2DA43-3197-41F0-ACD2-3095E9D369ED}.Release|Any CPU.Build.0 = Release|Any CPU
		{32F2DA43-3197-41F0-ACD2-3095E9D369ED}.Test|Any CPU.ActiveCfg = Test|Any CPU
		{32F2DA43-3197-41F0-ACD2-3095E9D369ED}.Test|Any CPU.Build.0 = Test|Any CPU
		{3A0D16BF-9E33-4A0E-8D00-2436BB95F5F7}.Debug|Any CPU.ActiveCfg = Debug|Any CPU
		{3A0D16BF-9E33-4A0E-8D00-2436BB95F5F7}.Debug|Any CPU.Build.0 = Debug|Any CPU
		{3A0D16BF-9E33-4A0E-8D00-2436BB95F5F7}.Pre_Online|Any CPU.ActiveCfg = Release|Any CPU
		{3A0D16BF-9E33-4A0E-8D00-2436BB95F5F7}.Pre_Online|Any CPU.Build.0 = Release|Any CPU
		{3A0D16BF-9E33-4A0E-8D00-2436BB95F5F7}.Release|Any CPU.ActiveCfg = Release|Any CPU
		{3A0D16BF-9E33-4A0E-8D00-2436BB95F5F7}.Release|Any CPU.Build.0 = Release|Any CPU
		{3A0D16BF-9E33-4A0E-8D00-2436BB95F5F7}.Test|Any CPU.ActiveCfg = Release|Any CPU
		{3A0D16BF-9E33-4A0E-8D00-2436BB95F5F7}.Test|Any CPU.Build.0 = Release|Any CPU
		{E6E92E13-C229-4DDC-B059-00B0E7823EE7}.Debug|Any CPU.ActiveCfg = Debug|Any CPU
		{E6E92E13-C229-4DDC-B059-00B0E7823EE7}.Debug|Any CPU.Build.0 = Debug|Any CPU
		{E6E92E13-C229-4DDC-B059-00B0E7823EE7}.Pre_Online|Any CPU.ActiveCfg = Release|Any CPU
		{E6E92E13-C229-4DDC-B059-00B0E7823EE7}.Pre_Online|Any CPU.Build.0 = Release|Any CPU
		{E6E92E13-C229-4DDC-B059-00B0E7823EE7}.Release|Any CPU.ActiveCfg = Release|Any CPU
		{E6E92E13-C229-4DDC-B059-00B0E7823EE7}.Release|Any CPU.Build.0 = Release|Any CPU
		{E6E92E13-C229-4DDC-B059-00B0E7823EE7}.Test|Any CPU.ActiveCfg = Release|Any CPU
		{E6E92E13-C229-4DDC-B059-00B0E7823EE7}.Test|Any CPU.Build.0 = Release|Any CPU
		{406A4C74-E2EA-4571-8B41-D3106BDB047A}.Debug|Any CPU.ActiveCfg = Debug|Any CPU
		{406A4C74-E2EA-4571-8B41-D3106BDB047A}.Debug|Any CPU.Build.0 = Debug|Any CPU
		{406A4C74-E2EA-4571-8B41-D3106BDB047A}.Pre_Online|Any CPU.ActiveCfg = Release|Any CPU
		{406A4C74-E2EA-4571-8B41-D3106BDB047A}.Pre_Online|Any CPU.Build.0 = Release|Any CPU
		{406A4C74-E2EA-4571-8B41-D3106BDB047A}.Release|Any CPU.ActiveCfg = Release|Any CPU
		{406A4C74-E2EA-4571-8B41-D3106BDB047A}.Release|Any CPU.Build.0 = Release|Any CPU
		{406A4C74-E2EA-4571-8B41-D3106BDB047A}.Test|Any CPU.ActiveCfg = Release|Any CPU
		{406A4C74-E2EA-4571-8B41-D3106BDB047A}.Test|Any CPU.Build.0 = Release|Any CPU
		{4D2CA6B1-97B0-45CB-8E62-4027B6AA77BE}.Debug|Any CPU.ActiveCfg = Debug|Any CPU
		{4D2CA6B1-97B0-45CB-8E62-4027B6AA77BE}.Debug|Any CPU.Build.0 = Debug|Any CPU
		{4D2CA6B1-97B0-45CB-8E62-4027B6AA77BE}.Pre_Online|Any CPU.ActiveCfg = Release|Any CPU
		{4D2CA6B1-97B0-45CB-8E62-4027B6AA77BE}.Pre_Online|Any CPU.Build.0 = Release|Any CPU
		{4D2CA6B1-97B0-45CB-8E62-4027B6AA77BE}.Release|Any CPU.ActiveCfg = Release|Any CPU
		{4D2CA6B1-97B0-45CB-8E62-4027B6AA77BE}.Release|Any CPU.Build.0 = Release|Any CPU
		{4D2CA6B1-97B0-45CB-8E62-4027B6AA77BE}.Test|Any CPU.ActiveCfg = Release|Any CPU
		{4D2CA6B1-97B0-45CB-8E62-4027B6AA77BE}.Test|Any CPU.Build.0 = Release|Any CPU
		{3B38A275-3B44-4F47-907C-0D5C5A538BFD}.Debug|Any CPU.ActiveCfg = Debug|Any CPU
		{3B38A275-3B44-4F47-907C-0D5C5A538BFD}.Debug|Any CPU.Build.0 = Debug|Any CPU
		{3B38A275-3B44-4F47-907C-0D5C5A538BFD}.Pre_Online|Any CPU.ActiveCfg = Release|Any CPU
		{3B38A275-3B44-4F47-907C-0D5C5A538BFD}.Pre_Online|Any CPU.Build.0 = Release|Any CPU
		{3B38A275-3B44-4F47-907C-0D5C5A538BFD}.Release|Any CPU.ActiveCfg = Release|Any CPU
		{3B38A275-3B44-4F47-907C-0D5C5A538BFD}.Release|Any CPU.Build.0 = Release|Any CPU
		{3B38A275-3B44-4F47-907C-0D5C5A538BFD}.Test|Any CPU.ActiveCfg = Release|Any CPU
		{3B38A275-3B44-4F47-907C-0D5C5A538BFD}.Test|Any CPU.Build.0 = Release|Any CPU
	EndGlobalSection
	GlobalSection(SolutionProperties) = preSolution
		HideSolutionNode = FALSE
	EndGlobalSection
	GlobalSection(NestedProjects) = preSolution
		{BEECEEF5-88FA-4451-A90A-2159C083C654} = {8252B0E4-021F-4973-9B54-A7CF916C9139}
		{9191E981-F2E4-44D3-9F4F-7432E3A1F313} = {EB78A7F8-E66C-4D94-A9EA-51F649B5D720}
		{30DDE1C2-6799-42D9-A1F9-BFBF16F99A3E} = {EB78A7F8-E66C-4D94-A9EA-51F649B5D720}
		{41E539AF-12BB-42FC-951E-AA3571369D54} = {EB78A7F8-E66C-4D94-A9EA-51F649B5D720}
		{A6346A8D-3123-4C22-B28D-51057B29270A} = {EB78A7F8-E66C-4D94-A9EA-51F649B5D720}
		{A91F9293-212D-4341-AE4E-EDA3ED98F505} = {122794B4-0EFE-41FB-924A-9AEC282AA1E1}
		{AF1A7257-4213-4B3B-8C43-C4B45FF9D76B} = {895EEDB5-94C2-431E-9746-9E6F3D4F7DF7}
		{FA26F143-405B-4128-987A-BCFC71419108} = {F6385CA4-0539-499A-BEAD-6C531836822D}
		{B7383731-7253-494C-ADF5-E0D773BB5D2B} = {F6385CA4-0539-499A-BEAD-6C531836822D}
		{3A0D16BF-9E33-4A0E-8D00-2436BB95F5F7} = {F6385CA4-0539-499A-BEAD-6C531836822D}
		{406A4C74-E2EA-4571-8B41-D3106BDB047A} = {F6385CA4-0539-499A-BEAD-6C531836822D}
		{4D2CA6B1-97B0-45CB-8E62-4027B6AA77BE} = {F6385CA4-0539-499A-BEAD-6C531836822D}
		{CAB0C586-476E-4E9F-A185-1DC7DFCD2BB7} = {0E40C64C-6D11-43B5-B9B2-FFFD0531C3B3}
		{32F2DA43-3197-41F0-ACD2-3095E9D369ED} = {0E40C64C-6D11-43B5-B9B2-FFFD0531C3B3}
		{3B38A275-3B44-4F47-907C-0D5C5A538BFD} = {0E40C64C-6D11-43B5-B9B2-FFFD0531C3B3}
		{E6E92E13-C229-4DDC-B059-00B0E7823EE7} = {51CD78DF-4584-42A5-BDAA-3D50346BE71A}
	EndGlobalSection
EndGlobal
